
Microsoft Visual Studio Solution File, Format Version 12.00
# Visual Studio Version 17
VisualStudioVersion = 17.12.35521.163 d17.12
MinimumVisualStudioVersion = 10.0.40219.1
Project("{FAE04EC0-301F-11D3-BF4B-00C04F79EFBC}") = "MyTODO.Server", "MyTODO.Server\MyTODO.Server.csproj", "{98D81B54-31CB-4656-8605-65F03BD353C5}"
EndProject
Project("{54A90642-561A-4BB1-A94E-469ADEE60C69}") = "mytodo.client", "mytodo.client\mytodo.client.esproj", "{CE31D512-227D-4382-B3ED-50B28D0F80EE}"
EndProject
Global
	GlobalSection(SolutionConfigurationPlatforms) = preSolution
		Debug|Any CPU = Debug|Any CPU
		Release|Any CPU = Release|Any CPU
	EndGlobalSection
	GlobalSection(ProjectConfigurationPlatforms) = postSolution
		{98D81B54-31CB-4656-8605-65F03BD353C5}.Debug|Any CPU.ActiveCfg = Debug|Any CPU
		{98D81B54-31CB-4656-8605-65F03BD353C5}.Debug|Any CPU.Build.0 = Debug|Any CPU
		{98D81B54-31CB-4656-8605-65F03BD353C5}.Release|Any CPU.ActiveCfg = Release|Any CPU
		{98D81B54-31CB-4656-8605-65F03BD353C5}.Release|Any CPU.Build.0 = Release|Any CPU
		{CE31D512-227D-4382-B3ED-50B28D0F80EE}.Debug|Any CPU.ActiveCfg = Debug|Any CPU
		{CE31D512-227D-4382-B3ED-50B28D0F80EE}.Debug|Any CPU.Build.0 = Debug|Any CPU
		{CE31D512-227D-4382-B3ED-50B28D0F80EE}.Debug|Any CPU.Deploy.0 = Debug|Any CPU
		{CE31D512-227D-4382-B3ED-50B28D0F80EE}.Release|Any CPU.ActiveCfg = Release|Any CPU
		{CE31D512-227D-4382-B3ED-50B28D0F80EE}.Release|Any CPU.Build.0 = Release|Any CPU
		{CE31D512-227D-4382-B3ED-50B28D0F80EE}.Release|Any CPU.Deploy.0 = Release|Any CPU
	EndGlobalSection
	GlobalSection(SolutionProperties) = preSolution
		HideSolutionNode = FALSE
	EndGlobalSection
EndGlobal
